# THIS IS AN AUTOGENERATED FILE. DO NOT EDIT THIS FILE DIRECTLY.
# yarn lockfile v1


"@redis/bloom@1.0.2":
  "integrity" "sha512-EBw7Ag1hPgFzdznK2PBblc1kdlj5B5Cw3XwI9/oG7tSn85/HKy3X9xHy/8tm/eNXJYHLXHJL/pkwBpFMVVefkw=="
  "resolved" "https://registry.npmjs.org/@redis/bloom/-/bloom-1.0.2.tgz"
  "version" "1.0.2"

"@redis/client@^1.0.0", "@redis/client@1.2.0":
  "integrity" "sha512-a8Nlw5fv2EIAFJxTDSSDVUT7yfBGpZO96ybZXzQpgkyLg/dxtQ1uiwTc0EGfzg1mrPjZokeBSEGTbGXekqTNOg=="
  "resolved" "https://registry.npmjs.org/@redis/client/-/client-1.2.0.tgz"
  "version" "1.2.0"
  dependencies:
    "cluster-key-slot" "1.1.0"
    "generic-pool" "3.8.2"
    "yallist" "4.0.0"

"@redis/graph@1.0.1":
  "integrity" "sha512-oDE4myMCJOCVKYMygEMWuriBgqlS5FqdWerikMoJxzmmTUErnTRRgmIDa2VcgytACZMFqpAOWDzops4DOlnkfQ=="
  "resolved" "https://registry.npmjs.org/@redis/graph/-/graph-1.0.1.tgz"
  "version" "1.0.1"

"@redis/json@1.0.3":
  "integrity" "sha512-4X0Qv0BzD9Zlb0edkUoau5c1bInWSICqXAGrpwEltkncUwcxJIGEcVryZhLgb0p/3PkKaLIWkjhHRtLe9yiA7Q=="
  "resolved" "https://registry.npmjs.org/@redis/json/-/json-1.0.3.tgz"
  "version" "1.0.3"

"@redis/search@1.0.6":
  "integrity" "sha512-pP+ZQRis5P21SD6fjyCeLcQdps+LuTzp2wdUbzxEmNhleighDDTD5ck8+cYof+WLec4csZX7ks+BuoMw0RaZrA=="
  "resolved" "https://registry.npmjs.org/@redis/search/-/search-1.0.6.tgz"
  "version" "1.0.6"

"@redis/time-series@1.0.3":
  "integrity" "sha512-OFp0q4SGrTH0Mruf6oFsHGea58u8vS/iI5+NpYdicaM+7BgqBZH8FFvNZ8rYYLrUO/QRqMq72NpXmxLVNcdmjA=="
  "resolved" "https://registry.npmjs.org/@redis/time-series/-/time-series-1.0.3.tgz"
  "version" "1.0.3"

"cluster-key-slot@1.1.0":
  "integrity" "sha512-2Nii8p3RwAPiFwsnZvukotvow2rIHM+yQ6ZcBXGHdniadkYGZYiGmkHJIbZPIV9nfv7m/U1IPMVVcAhoWFeklw=="
  "resolved" "https://registry.npmjs.org/cluster-key-slot/-/cluster-key-slot-1.1.0.tgz"
  "version" "1.1.0"

"dequal@^2.0.0":
  "integrity" "sha512-q9K8BlJVxK7hQYqa6XISGmBZbtQQWVXSrRrWreHC94rMt1QL/Impruc+7p2CYSYuVIUr+YCt6hjrs1kkdJRTug=="
  "resolved" "https://registry.npmjs.org/dequal/-/dequal-2.0.2.tgz"
  "version" "2.0.2"

"diff@^5.0.0":
  "integrity" "sha512-/VTCrvm5Z0JGty/BWHljh+BAiw3IK+2j87NGMu8Nwc/f48WoDAC395uomO9ZD117ZOBaHmkX1oyLvkVM/aIT3w=="
  "resolved" "https://registry.npmjs.org/diff/-/diff-5.0.0.tgz"
  "version" "5.0.0"

"generic-pool@3.8.2":
  "integrity" "sha512-nGToKy6p3PAbYQ7p1UlWl6vSPwfwU6TMSWK7TTu+WUY4ZjyZQGniGGt2oNVvyNSpyZYSB43zMXVLcBm08MTMkg=="
  "resolved" "https://registry.npmjs.org/generic-pool/-/generic-pool-3.8.2.tgz"
  "version" "3.8.2"

"kleur@^4.0.3":
  "integrity" "sha512-8QADVssbrFjivHWQU7KkMgptGTl6WAcSdlbBPY4uNF+mWr6DGcKrvY2w4FQJoXch7+fKMjj0dRrL75vk3k23OA=="
  "resolved" "https://registry.npmjs.org/kleur/-/kleur-4.1.4.tgz"
  "version" "4.1.4"

"mri@^1.1.0":
  "integrity" "sha512-tzzskb3bG8LvYGFF/mDTpq3jpI6Q9wc3LEmBaghu+DdCssd1FakN7Bc0hVNmEyGq1bq3RgfkCb3cmQLpNPOroA=="
  "resolved" "https://registry.npmjs.org/mri/-/mri-1.2.0.tgz"
  "version" "1.2.0"

"redis@^4.2.0":
  "integrity" "sha512-bCR0gKVhIXFg8zCQjXEANzgI01DDixtPZgIUZHBCmwqixnu+MK3Tb2yqGjh+HCLASQVVgApiwhNkv+FoedZOGQ=="
  "resolved" "https://registry.npmjs.org/redis/-/redis-4.2.0.tgz"
  "version" "4.2.0"
  dependencies:
    "@redis/bloom" "1.0.2"
    "@redis/client" "1.2.0"
    "@redis/graph" "1.0.1"
    "@redis/json" "1.0.3"
    "@redis/search" "1.0.6"
    "@redis/time-series" "1.0.3"

"sade@^1.7.3":
  "integrity" "sha512-xal3CZX1Xlo/k4ApwCFrHVACi9fBqJ7V+mwhBsuf/1IOKbBy098Fex+Wa/5QMubw09pSZ/u8EY8PWgevJsXp1A=="
  "resolved" "https://registry.npmjs.org/sade/-/sade-1.8.1.tgz"
  "version" "1.8.1"
  dependencies:
    "mri" "^1.1.0"

"uvu@^0.5.3":
  "integrity" "sha512-brFwqA3FXzilmtnIyJ+CxdkInkY/i4ErvP7uV0DnUVxQcQ55reuHphorpF+tZoVHK2MniZ/VJzI7zJQoc9T9Yw=="
  "resolved" "https://registry.npmjs.org/uvu/-/uvu-0.5.3.tgz"
  "version" "0.5.3"
  dependencies:
    "dequal" "^2.0.0"
    "diff" "^5.0.0"
    "kleur" "^4.0.3"
    "sade" "^1.7.3"

"weak-map@^1.0.8":
  "integrity" "sha512-lNR9aAefbGPpHO7AEnY0hCFjz1eTkWCXYvkTRrTHs9qv8zJp+SkVYpzfLIFXQQiG3tVvbNFQgVg2bQS8YGgxyw=="
  "resolved" "https://registry.npmjs.org/weak-map/-/weak-map-1.0.8.tgz"
  "version" "1.0.8"

"yallist@4.0.0":
  "integrity" "sha512-3wdGidZyq5PB084XLES5TpOSRA3wjXAlIWMhum2kRcv/41Sn2emQ0dycQW4uZXLejwKvg6EsvbdlVL+FYEct7A=="
  "resolved" "https://registry.npmjs.org/yallist/-/yallist-4.0.0.tgz"
  "version" "4.0.0"
